
Microsoft Visual Studio Solution File, Format Version 12.00
# Visual Studio 2012
Project("{FAE04EC0-301F-11D3-BF4B-00C04F79EFBC}") = "Day23-Compass", "Day23-Compass\Day23-Compass.csproj", "{385DCE15-24D5-4F80-99FE-D53415284BBC}"
EndProject
Global
	GlobalSection(SolutionConfigurationPlatforms) = preSolution
		Debug|Any CPU = Debug|Any CPU
		Debug|ARM = Debug|ARM
		Debug|x64 = Debug|x64
		Debug|x86 = Debug|x86
		Release|Any CPU = Release|Any CPU
		Release|ARM = Release|ARM
		Release|x64 = Release|x64
		Release|x86 = Release|x86
	EndGlobalSection
	GlobalSection(ProjectConfigurationPlatforms) = postSolution
		{385DCE15-24D5-4F80-99FE-D53415284BBC}.Debug|Any CPU.ActiveCfg = Debug|Any CPU
		{385DCE15-24D5-4F80-99FE-D53415284BBC}.Debug|Any CPU.Build.0 = Debug|Any CPU
		{385DCE15-24D5-4F80-99FE-D53415284BBC}.Debug|Any CPU.Deploy.0 = Debug|Any CPU
		{385DCE15-24D5-4F80-99FE-D53415284BBC}.Debug|ARM.ActiveCfg = Debug|ARM
		{385DCE15-24D5-4F80-99FE-D53415284BBC}.Debug|ARM.Build.0 = Debug|ARM
		{385DCE15-24D5-4F80-99FE-D53415284BBC}.Debug|ARM.Deploy.0 = Debug|ARM
		{385DCE15-24D5-4F80-99FE-D53415284BBC}.Debug|x64.ActiveCfg = Debug|x64
		{385DCE15-24D5-4F80-99FE-D53415284BBC}.Debug|x64.Build.0 = Debug|x64
		{385DCE15-24D5-4F80-99FE-D53415284BBC}.Debug|x64.Deploy.0 = Debug|x64
		{385DCE15-24D5-4F80-99FE-D53415284BBC}.Debug|x86.ActiveCfg = Debug|x86
		{385DCE15-24D5-4F80-99FE-D53415284BBC}.Debug|x86.Build.0 = Debug|x86
		{385DCE15-24D5-4F80-99FE-D53415284BBC}.Debug|x86.Deploy.0 = Debug|x86
		{385DCE15-24D5-4F80-99FE-D53415284BBC}.Release|Any CPU.ActiveCfg = Release|Any CPU
		{385DCE15-24D5-4F80-99FE-D53415284BBC}.Release|Any CPU.Build.0 = Release|Any CPU
		{385DCE15-24D5-4F80-99FE-D53415284BBC}.Release|Any CPU.Deploy.0 = Release|Any CPU
		{385DCE15-24D5-4F80-99FE-D53415284BBC}.Release|ARM.ActiveCfg = Release|ARM
		{385DCE15-24D5-4F80-99FE-D53415284BBC}.Release|ARM.Build.0 = Release|ARM
		{385DCE15-24D5-4F80-99FE-D53415284BBC}.Release|ARM.Deploy.0 = Release|ARM
		{385DCE15-24D5-4F80-99FE-D53415284BBC}.Release|x64.ActiveCfg = Release|x64
		{385DCE15-24D5-4F80-99FE-D53415284BBC}.Release|x64.Build.0 = Release|x64
		{385DCE15-24D5-4F80-99FE-D53415284BBC}.Release|x64.Deploy.0 = Release|x64
		{385DCE15-24D5-4F80-99FE-D53415284BBC}.Release|x86.ActiveCfg = Release|x86
		{385DCE15-24D5-4F80-99FE-D53415284BBC}.Release|x86.Build.0 = Release|x86
		{385DCE15-24D5-4F80-99FE-D53415284BBC}.Release|x86.Deploy.0 = Release|x86
	EndGlobalSection
	GlobalSection(SolutionProperties) = preSolution
		HideSolutionNode = FALSE
	EndGlobalSection
EndGlobal
