
Microsoft Visual Studio Solution File, Format Version 12.00
# Visual Studio 2012
Project("{FAE04EC0-301F-11D3-BF4B-00C04F79EFBC}") = "Day29-ApplicationLifecycle", "Day29-ApplicationLifecycle\Day29-ApplicationLifecycle.csproj", "{AA761592-4C45-455D-8F76-5E5F1BD14486}"
EndProject
Global
	GlobalSection(SolutionConfigurationPlatforms) = preSolution
		Debug|Any CPU = Debug|Any CPU
		Debug|ARM = Debug|ARM
		Debug|x64 = Debug|x64
		Debug|x86 = Debug|x86
		Release|Any CPU = Release|Any CPU
		Release|ARM = Release|ARM
		Release|x64 = Release|x64
		Release|x86 = Release|x86
	EndGlobalSection
	GlobalSection(ProjectConfigurationPlatforms) = postSolution
		{AA761592-4C45-455D-8F76-5E5F1BD14486}.Debug|Any CPU.ActiveCfg = Debug|Any CPU
		{AA761592-4C45-455D-8F76-5E5F1BD14486}.Debug|Any CPU.Build.0 = Debug|Any CPU
		{AA761592-4C45-455D-8F76-5E5F1BD14486}.Debug|Any CPU.Deploy.0 = Debug|Any CPU
		{AA761592-4C45-455D-8F76-5E5F1BD14486}.Debug|ARM.ActiveCfg = Debug|ARM
		{AA761592-4C45-455D-8F76-5E5F1BD14486}.Debug|ARM.Build.0 = Debug|ARM
		{AA761592-4C45-455D-8F76-5E5F1BD14486}.Debug|ARM.Deploy.0 = Debug|ARM
		{AA761592-4C45-455D-8F76-5E5F1BD14486}.Debug|x64.ActiveCfg = Debug|x64
		{AA761592-4C45-455D-8F76-5E5F1BD14486}.Debug|x64.Build.0 = Debug|x64
		{AA761592-4C45-455D-8F76-5E5F1BD14486}.Debug|x64.Deploy.0 = Debug|x64
		{AA761592-4C45-455D-8F76-5E5F1BD14486}.Debug|x86.ActiveCfg = Debug|x86
		{AA761592-4C45-455D-8F76-5E5F1BD14486}.Debug|x86.Build.0 = Debug|x86
		{AA761592-4C45-455D-8F76-5E5F1BD14486}.Debug|x86.Deploy.0 = Debug|x86
		{AA761592-4C45-455D-8F76-5E5F1BD14486}.Release|Any CPU.ActiveCfg = Release|Any CPU
		{AA761592-4C45-455D-8F76-5E5F1BD14486}.Release|Any CPU.Build.0 = Release|Any CPU
		{AA761592-4C45-455D-8F76-5E5F1BD14486}.Release|Any CPU.Deploy.0 = Release|Any CPU
		{AA761592-4C45-455D-8F76-5E5F1BD14486}.Release|ARM.ActiveCfg = Release|ARM
		{AA761592-4C45-455D-8F76-5E5F1BD14486}.Release|ARM.Build.0 = Release|ARM
		{AA761592-4C45-455D-8F76-5E5F1BD14486}.Release|ARM.Deploy.0 = Release|ARM
		{AA761592-4C45-455D-8F76-5E5F1BD14486}.Release|x64.ActiveCfg = Release|x64
		{AA761592-4C45-455D-8F76-5E5F1BD14486}.Release|x64.Build.0 = Release|x64
		{AA761592-4C45-455D-8F76-5E5F1BD14486}.Release|x64.Deploy.0 = Release|x64
		{AA761592-4C45-455D-8F76-5E5F1BD14486}.Release|x86.ActiveCfg = Release|x86
		{AA761592-4C45-455D-8F76-5E5F1BD14486}.Release|x86.Build.0 = Release|x86
		{AA761592-4C45-455D-8F76-5E5F1BD14486}.Release|x86.Deploy.0 = Release|x86
	EndGlobalSection
	GlobalSection(SolutionProperties) = preSolution
		HideSolutionNode = FALSE
	EndGlobalSection
EndGlobal
