
Microsoft Visual Studio Solution File, Format Version 12.00
# Visual Studio 2012
Project("{FAE04EC0-301F-11D3-BF4B-00C04F79EFBC}") = "App1", "App1\App1.csproj", "{3B667810-34C8-4F1D-8B82-B4320DD965BB}"
EndProject
Global
	GlobalSection(SolutionConfigurationPlatforms) = preSolution
		Debug|Any CPU = Debug|Any CPU
		Debug|ARM = Debug|ARM
		Debug|x64 = Debug|x64
		Debug|x86 = Debug|x86
		Release|Any CPU = Release|Any CPU
		Release|ARM = Release|ARM
		Release|x64 = Release|x64
		Release|x86 = Release|x86
	EndGlobalSection
	GlobalSection(ProjectConfigurationPlatforms) = postSolution
		{3B667810-34C8-4F1D-8B82-B4320DD965BB}.Debug|Any CPU.ActiveCfg = Debug|Any CPU
		{3B667810-34C8-4F1D-8B82-B4320DD965BB}.Debug|Any CPU.Build.0 = Debug|Any CPU
		{3B667810-34C8-4F1D-8B82-B4320DD965BB}.Debug|Any CPU.Deploy.0 = Debug|Any CPU
		{3B667810-34C8-4F1D-8B82-B4320DD965BB}.Debug|ARM.ActiveCfg = Debug|ARM
		{3B667810-34C8-4F1D-8B82-B4320DD965BB}.Debug|ARM.Build.0 = Debug|ARM
		{3B667810-34C8-4F1D-8B82-B4320DD965BB}.Debug|ARM.Deploy.0 = Debug|ARM
		{3B667810-34C8-4F1D-8B82-B4320DD965BB}.Debug|x64.ActiveCfg = Debug|x64
		{3B667810-34C8-4F1D-8B82-B4320DD965BB}.Debug|x64.Build.0 = Debug|x64
		{3B667810-34C8-4F1D-8B82-B4320DD965BB}.Debug|x64.Deploy.0 = Debug|x64
		{3B667810-34C8-4F1D-8B82-B4320DD965BB}.Debug|x86.ActiveCfg = Debug|x86
		{3B667810-34C8-4F1D-8B82-B4320DD965BB}.Debug|x86.Build.0 = Debug|x86
		{3B667810-34C8-4F1D-8B82-B4320DD965BB}.Debug|x86.Deploy.0 = Debug|x86
		{3B667810-34C8-4F1D-8B82-B4320DD965BB}.Release|Any CPU.ActiveCfg = Release|Any CPU
		{3B667810-34C8-4F1D-8B82-B4320DD965BB}.Release|Any CPU.Build.0 = Release|Any CPU
		{3B667810-34C8-4F1D-8B82-B4320DD965BB}.Release|Any CPU.Deploy.0 = Release|Any CPU
		{3B667810-34C8-4F1D-8B82-B4320DD965BB}.Release|ARM.ActiveCfg = Release|ARM
		{3B667810-34C8-4F1D-8B82-B4320DD965BB}.Release|ARM.Build.0 = Release|ARM
		{3B667810-34C8-4F1D-8B82-B4320DD965BB}.Release|ARM.Deploy.0 = Release|ARM
		{3B667810-34C8-4F1D-8B82-B4320DD965BB}.Release|x64.ActiveCfg = Release|x64
		{3B667810-34C8-4F1D-8B82-B4320DD965BB}.Release|x64.Build.0 = Release|x64
		{3B667810-34C8-4F1D-8B82-B4320DD965BB}.Release|x64.Deploy.0 = Release|x64
		{3B667810-34C8-4F1D-8B82-B4320DD965BB}.Release|x86.ActiveCfg = Release|x86
		{3B667810-34C8-4F1D-8B82-B4320DD965BB}.Release|x86.Build.0 = Release|x86
		{3B667810-34C8-4F1D-8B82-B4320DD965BB}.Release|x86.Deploy.0 = Release|x86
	EndGlobalSection
	GlobalSection(SolutionProperties) = preSolution
		HideSolutionNode = FALSE
	EndGlobalSection
EndGlobal
